
Microsoft Visual Studio Solution File, Format Version 12.00
# Visual Studio Version 16
VisualStudioVersion = 16.0.809.8
MinimumVisualStudioVersion = 10.0.40219.1
Project("{FAE04EC0-301F-11D3-BF4B-00C04F79EFBC}") = "ejercicio85vectores", "ejercicio85vectores.csproj", "{AAA36C74-1891-4058-B8D1-949D6CD9351E}"
EndProject
Global
	GlobalSection(SolutionConfigurationPlatforms) = preSolution
		Debug|anycpu = Debug|anycpu
		Release|anycpu = Release|anycpu
	EndGlobalSection
	GlobalSection(ProjectConfigurationPlatforms) = postSolution
		{AAA36C74-1891-4058-B8D1-949D6CD9351E}.Debug|anycpu.ActiveCfg = Debug|anycpu
		{AAA36C74-1891-4058-B8D1-949D6CD9351E}.Debug|anycpu.Build.0 = Debug|anycpu
		{AAA36C74-1891-4058-B8D1-949D6CD9351E}.Release|anycpu.ActiveCfg = Release|anycpu
		{AAA36C74-1891-4058-B8D1-949D6CD9351E}.Release|anycpu.Build.0 = Release|anycpu
	EndGlobalSection
	GlobalSection(SolutionProperties) = preSolution
		HideSolutionNode = FALSE
	EndGlobalSection
	GlobalSection(ExtensibilityGlobals) = postSolution
		SolutionGuid = {B05523F8-3071-457D-AB15-B2319D2DD0E7}
	EndGlobalSection
EndGlobal
